// !$*UTF8*$!
{
	archiveVersion = 1;
	classes = {
	};
	objectVersion = 50;
	objects = {

/* Begin PBXBuildFile section */
		2EC074516139B1A391DE4CE7 /* Pods_GitHubApolloClientPlayground.framework in Frameworks */ = {isa = PBXBuildFile; fileRef = 9DB0DD20F1CD4A13E181191D /* Pods_GitHubApolloClientPlayground.framework */; };
		700137A5246B178D009D5D14 /* AppDelegate.swift in Sources */ = {isa = PBXBuildFile; fileRef = 700137A4246B178D009D5D14 /* AppDelegate.swift */; };
		700137A7246B178D009D5D14 /* SceneDelegate.swift in Sources */ = {isa = PBXBuildFile; fileRef = 700137A6246B178D009D5D14 /* SceneDelegate.swift */; };
		700137A9246B178D009D5D14 /* ContentView.swift in Sources */ = {isa = PBXBuildFile; fileRef = 700137A8246B178D009D5D14 /* ContentView.swift */; };
		700137AB246B178E009D5D14 /* Assets.xcassets in Resources */ = {isa = PBXBuildFile; fileRef = 700137AA246B178E009D5D14 /* Assets.xcassets */; };
		700137AE246B178E009D5D14 /* Preview Assets.xcassets in Resources */ = {isa = PBXBuildFile; fileRef = 700137AD246B178E009D5D14 /* Preview Assets.xcassets */; };
		700137B1246B178E009D5D14 /* LaunchScreen.storyboard in Resources */ = {isa = PBXBuildFile; fileRef = 700137AF246B178E009D5D14 /* LaunchScreen.storyboard */; };
		700137BC246B178E009D5D14 /* GitHubApolloClientPlaygroundTests.swift in Sources */ = {isa = PBXBuildFile; fileRef = 700137BB246B178E009D5D14 /* GitHubApolloClientPlaygroundTests.swift */; };
		FB2A87CCC829E8BBBB81DF48 /* Pods_GitHubApolloClientPlaygroundTests.framework in Frameworks */ = {isa = PBXBuildFile; fileRef = B5478354574516E164E928B3 /* Pods_GitHubApolloClientPlaygroundTests.framework */; };
/* End PBXBuildFile section */

/* Begin PBXContainerItemProxy section */
		700137B8246B178E009D5D14 /* PBXContainerItemProxy */ = {
			isa = PBXContainerItemProxy;
			containerPortal = 70013799246B178D009D5D14 /* Project object */;
			proxyType = 1;
			remoteGlobalIDString = 700137A0246B178D009D5D14;
			remoteInfo = GitHubApolloClientPlayground;
		};
/* End PBXContainerItemProxy section */

/* Begin PBXFileReference section */
		06D40FC0657BF018881E4570 /* Pods-GitHubApolloClientPlayground.release.xcconfig */ = {isa = PBXFileReference; includeInIndex = 1; lastKnownFileType = text.xcconfig; name = "Pods-GitHubApolloClientPlayground.release.xcconfig"; path = "Target Support Files/Pods-GitHubApolloClientPlayground/Pods-GitHubApolloClientPlayground.release.xcconfig"; sourceTree = "<group>"; };
		1E09DB83EEADF0AD977A2E5E /* Pods-GitHubApolloClientPlaygroundTests.release.xcconfig */ = {isa = PBXFileReference; includeInIndex = 1; lastKnownFileType = text.xcconfig; name = "Pods-GitHubApolloClientPlaygroundTests.release.xcconfig"; path = "Target Support Files/Pods-GitHubApolloClientPlaygroundTests/Pods-GitHubApolloClientPlaygroundTests.release.xcconfig"; sourceTree = "<group>"; };
		5A6F1AD2F25AA76E9540CF1A /* Pods-GitHubApolloClientPlayground.debug.xcconfig */ = {isa = PBXFileReference; includeInIndex = 1; lastKnownFileType = text.xcconfig; name = "Pods-GitHubApolloClientPlayground.debug.xcconfig"; path = "Target Support Files/Pods-GitHubApolloClientPlayground/Pods-GitHubApolloClientPlayground.debug.xcconfig"; sourceTree = "<group>"; };
		700137A1246B178D009D5D14 /* GitHubApolloClientPlayground.app */ = {isa = PBXFileReference; explicitFileType = wrapper.application; includeInIndex = 0; path = GitHubApolloClientPlayground.app; sourceTree = BUILT_PRODUCTS_DIR; };
		700137A4246B178D009D5D14 /* AppDelegate.swift */ = {isa = PBXFileReference; lastKnownFileType = sourcecode.swift; path = AppDelegate.swift; sourceTree = "<group>"; };
		700137A6246B178D009D5D14 /* SceneDelegate.swift */ = {isa = PBXFileReference; lastKnownFileType = sourcecode.swift; path = SceneDelegate.swift; sourceTree = "<group>"; };
		700137A8246B178D009D5D14 /* ContentView.swift */ = {isa = PBXFileReference; lastKnownFileType = sourcecode.swift; path = ContentView.swift; sourceTree = "<group>"; };
		700137AA246B178E009D5D14 /* Assets.xcassets */ = {isa = PBXFileReference; lastKnownFileType = folder.assetcatalog; path = Assets.xcassets; sourceTree = "<group>"; };
		700137AD246B178E009D5D14 /* Preview Assets.xcassets */ = {isa = PBXFileReference; lastKnownFileType = folder.assetcatalog; path = "Preview Assets.xcassets"; sourceTree = "<group>"; };
		700137B0246B178E009D5D14 /* Base */ = {isa = PBXFileReference; lastKnownFileType = file.storyboard; name = Base; path = Base.lproj/LaunchScreen.storyboard; sourceTree = "<group>"; };
		700137B2246B178E009D5D14 /* Info.plist */ = {isa = PBXFileReference; lastKnownFileType = text.plist.xml; path = Info.plist; sourceTree = "<group>"; };
		700137B7246B178E009D5D14 /* GitHubApolloClientPlaygroundTests.xctest */ = {isa = PBXFileReference; explicitFileType = wrapper.cfbundle; includeInIndex = 0; path = GitHubApolloClientPlaygroundTests.xctest; sourceTree = BUILT_PRODUCTS_DIR; };
		700137BB246B178E009D5D14 /* GitHubApolloClientPlaygroundTests.swift */ = {isa = PBXFileReference; lastKnownFileType = sourcecode.swift; path = GitHubApolloClientPlaygroundTests.swift; sourceTree = "<group>"; };
		700137BD246B178E009D5D14 /* Info.plist */ = {isa = PBXFileReference; lastKnownFileType = text.plist.xml; path = Info.plist; sourceTree = "<group>"; };
		9DB0DD20F1CD4A13E181191D /* Pods_GitHubApolloClientPlayground.framework */ = {isa = PBXFileReference; explicitFileType = wrapper.framework; includeInIndex = 0; path = Pods_GitHubApolloClientPlayground.framework; sourceTree = BUILT_PRODUCTS_DIR; };
		B5478354574516E164E928B3 /* Pods_GitHubApolloClientPlaygroundTests.framework */ = {isa = PBXFileReference; explicitFileType = wrapper.framework; includeInIndex = 0; path = Pods_GitHubApolloClientPlaygroundTests.framework; sourceTree = BUILT_PRODUCTS_DIR; };
		E75107E8E9E634EFD19A8E83 /* Pods-GitHubApolloClientPlaygroundTests.debug.xcconfig */ = {isa = PBXFileReference; includeInIndex = 1; lastKnownFileType = text.xcconfig; name = "Pods-GitHubApolloClientPlaygroundTests.debug.xcconfig"; path = "Target Support Files/Pods-GitHubApolloClientPlaygroundTests/Pods-GitHubApolloClientPlaygroundTests.debug.xcconfig"; sourceTree = "<group>"; };
/* End PBXFileReference section */

/* Begin PBXFrameworksBuildPhase section */
		7001379E246B178D009D5D14 /* Frameworks */ = {
			isa = PBXFrameworksBuildPhase;
			buildActionMask = 2147483647;
			files = (
				2EC074516139B1A391DE4CE7 /* Pods_GitHubApolloClientPlayground.framework in Frameworks */,
			);
			runOnlyForDeploymentPostprocessing = 0;
		};
		700137B4246B178E009D5D14 /* Frameworks */ = {
			isa = PBXFrameworksBuildPhase;
			buildActionMask = 2147483647;
			files = (
				FB2A87CCC829E8BBBB81DF48 /* Pods_GitHubApolloClientPlaygroundTests.framework in Frameworks */,
			);
			runOnlyForDeploymentPostprocessing = 0;
		};
/* End PBXFrameworksBuildPhase section */

/* Begin PBXGroup section */
		70013798246B178D009D5D14 = {
			isa = PBXGroup;
			children = (
				700137A3246B178D009D5D14 /* GitHubApolloClientPlayground */,
				700137BA246B178E009D5D14 /* GitHubApolloClientPlaygroundTests */,
				700137A2246B178D009D5D14 /* Products */,
				B80C038833BE872CAFCCF660 /* Pods */,
				758E6A66EAC4890CBD7E80DC /* Frameworks */,
			);
			sourceTree = "<group>";
		};
		700137A2246B178D009D5D14 /* Products */ = {
			isa = PBXGroup;
			children = (
				700137A1246B178D009D5D14 /* GitHubApolloClientPlayground.app */,
				700137B7246B178E009D5D14 /* GitHubApolloClientPlaygroundTests.xctest */,
			);
			name = Products;
			sourceTree = "<group>";
		};
		700137A3246B178D009D5D14 /* GitHubApolloClientPlayground */ = {
			isa = PBXGroup;
			children = (
				700137A4246B178D009D5D14 /* AppDelegate.swift */,
				700137A6246B178D009D5D14 /* SceneDelegate.swift */,
				700137A8246B178D009D5D14 /* ContentView.swift */,
				700137AA246B178E009D5D14 /* Assets.xcassets */,
				700137AF246B178E009D5D14 /* LaunchScreen.storyboard */,
				700137B2246B178E009D5D14 /* Info.plist */,
				700137AC246B178E009D5D14 /* Preview Content */,
			);
			path = GitHubApolloClientPlayground;
			sourceTree = "<group>";
		};
		700137AC246B178E009D5D14 /* Preview Content */ = {
			isa = PBXGroup;
			children = (
				700137AD246B178E009D5D14 /* Preview Assets.xcassets */,
			);
			path = "Preview Content";
			sourceTree = "<group>";
		};
		700137BA246B178E009D5D14 /* GitHubApolloClientPlaygroundTests */ = {
			isa = PBXGroup;
			children = (
				700137BB246B178E009D5D14 /* GitHubApolloClientPlaygroundTests.swift */,
				700137BD246B178E009D5D14 /* Info.plist */,
			);
			path = GitHubApolloClientPlaygroundTests;
			sourceTree = "<group>";
		};
		758E6A66EAC4890CBD7E80DC /* Frameworks */ = {
			isa = PBXGroup;
			children = (
				9DB0DD20F1CD4A13E181191D /* Pods_GitHubApolloClientPlayground.framework */,
				B5478354574516E164E928B3 /* Pods_GitHubApolloClientPlaygroundTests.framework */,
			);
			name = Frameworks;
			sourceTree = "<group>";
		};
		B80C038833BE872CAFCCF660 /* Pods */ = {
			isa = PBXGroup;
			children = (
				5A6F1AD2F25AA76E9540CF1A /* Pods-GitHubApolloClientPlayground.debug.xcconfig */,
				06D40FC0657BF018881E4570 /* Pods-GitHubApolloClientPlayground.release.xcconfig */,
				E75107E8E9E634EFD19A8E83 /* Pods-GitHubApolloClientPlaygroundTests.debug.xcconfig */,
				1E09DB83EEADF0AD977A2E5E /* Pods-GitHubApolloClientPlaygroundTests.release.xcconfig */,
			);
			name = Pods;
			path = Pods;
			sourceTree = "<group>";
		};
/* End PBXGroup section */

/* Begin PBXNativeTarget section */
		700137A0246B178D009D5D14 /* GitHubApolloClientPlayground */ = {
			isa = PBXNativeTarget;
			buildConfigurationList = 700137C0246B178E009D5D14 /* Build configuration list for PBXNativeTarget "GitHubApolloClientPlayground" */;
			buildPhases = (
				5507C2E1D650D26B0B03B6A3 /* [CP] Check Pods Manifest.lock */,
				7001379D246B178D009D5D14 /* Sources */,
				7001379E246B178D009D5D14 /* Frameworks */,
				7001379F246B178D009D5D14 /* Resources */,
				70C8D65C73EE4FC89455FEA3 /* [CP] Embed Pods Frameworks */,
			);
			buildRules = (
			);
			dependencies = (
			);
			name = GitHubApolloClientPlayground;
			productName = GitHubApolloClientPlayground;
			productReference = 700137A1246B178D009D5D14 /* GitHubApolloClientPlayground.app */;
			productType = "com.apple.product-type.application";
		};
		700137B6246B178E009D5D14 /* GitHubApolloClientPlaygroundTests */ = {
			isa = PBXNativeTarget;
			buildConfigurationList = 700137C3246B178E009D5D14 /* Build configuration list for PBXNativeTarget "GitHubApolloClientPlaygroundTests" */;
			buildPhases = (
				1BBFA60104B7172E2DFC65A3 /* [CP] Check Pods Manifest.lock */,
				700137B3246B178E009D5D14 /* Sources */,
				700137B4246B178E009D5D14 /* Frameworks */,
				700137B5246B178E009D5D14 /* Resources */,
				FD24D92CD86391757B4B94A8 /* [CP] Embed Pods Frameworks */,
			);
			buildRules = (
			);
			dependencies = (
				700137B9246B178E009D5D14 /* PBXTargetDependency */,
			);
			name = GitHubApolloClientPlaygroundTests;
			productName = GitHubApolloClientPlaygroundTests;
			productReference = 700137B7246B178E009D5D14 /* GitHubApolloClientPlaygroundTests.xctest */;
			productType = "com.apple.product-type.bundle.unit-test";
		};
/* End PBXNativeTarget section */

/* Begin PBXProject section */
		70013799246B178D009D5D14 /* Project object */ = {
			isa = PBXProject;
			attributes = {
				LastSwiftUpdateCheck = 1140;
				LastUpgradeCheck = 1140;
				ORGANIZATIONNAME = ykkc;
				TargetAttributes = {
					700137A0246B178D009D5D14 = {
						CreatedOnToolsVersion = 11.4.1;
					};
					700137B6246B178E009D5D14 = {
						CreatedOnToolsVersion = 11.4.1;
						TestTargetID = 700137A0246B178D009D5D14;
					};
				};
			};
			buildConfigurationList = 7001379C246B178D009D5D14 /* Build configuration list for PBXProject "GitHubApolloClientPlayground" */;
			compatibilityVersion = "Xcode 9.3";
			developmentRegion = en;
			hasScannedForEncodings = 0;
			knownRegions = (
				en,
				Base,
			);
			mainGroup = 70013798246B178D009D5D14;
			productRefGroup = 700137A2246B178D009D5D14 /* Products */;
			projectDirPath = "";
			projectRoot = "";
			targets = (
				700137A0246B178D009D5D14 /* GitHubApolloClientPlayground */,
				700137B6246B178E009D5D14 /* GitHubApolloClientPlaygroundTests */,
			);
		};
/* End PBXProject section */

/* Begin PBXResourcesBuildPhase section */
		7001379F246B178D009D5D14 /* Resources */ = {
			isa = PBXResourcesBuildPhase;
			buildActionMask = 2147483647;
			files = (
				700137B1246B178E009D5D14 /* LaunchScreen.storyboard in Resources */,
				700137AE246B178E009D5D14 /* Preview Assets.xcassets in Resources */,
				700137AB246B178E009D5D14 /* Assets.xcassets in Resources */,
			);
			runOnlyForDeploymentPostprocessing = 0;
		};
		700137B5246B178E009D5D14 /* Resources */ = {
			isa = PBXResourcesBuildPhase;
			buildActionMask = 2147483647;
			files = (
			);
			runOnlyForDeploymentPostprocessing = 0;
		};
/* End PBXResourcesBuildPhase section */

/* Begin PBXShellScriptBuildPhase section */
		1BBFA60104B7172E2DFC65A3 /* [CP] Check Pods Manifest.lock */ = {
			isa = PBXShellScriptBuildPhase;
			buildActionMask = 2147483647;
			files = (
			);
			inputFileListPaths = (
			);
			inputPaths = (
				"${PODS_PODFILE_DIR_PATH}/Podfile.lock",
				"${PODS_ROOT}/Manifest.lock",
			);
			name = "[CP] Check Pods Manifest.lock";
			outputFileListPaths = (
			);
			outputPaths = (
				"$(DERIVED_FILE_DIR)/Pods-GitHubApolloClientPlaygroundTests-checkManifestLockResult.txt",
			);
			runOnlyForDeploymentPostprocessing = 0;
			shellPath = /bin/sh;
			shellScript = "diff \"${PODS_PODFILE_DIR_PATH}/Podfile.lock\" \"${PODS_ROOT}/Manifest.lock\" > /dev/null\nif [ $? != 0 ] ; then\n    # print error to STDERR\n    echo \"error: The sandbox is not in sync with the Podfile.lock. Run 'pod install' or update your CocoaPods installation.\" >&2\n    exit 1\nfi\n# This output is used by Xcode 'outputs' to avoid re-running this script phase.\necho \"SUCCESS\" > \"${SCRIPT_OUTPUT_FILE_0}\"\n";
			showEnvVarsInLog = 0;
		};
		5507C2E1D650D26B0B03B6A3 /* [CP] Check Pods Manifest.lock */ = {
			isa = PBXShellScriptBuildPhase;
			buildActionMask = 2147483647;
			files = (
			);
			inputFileListPaths = (
			);
			inputPaths = (
				"${PODS_PODFILE_DIR_PATH}/Podfile.lock",
				"${PODS_ROOT}/Manifest.lock",
			);
			name = "[CP] Check Pods Manifest.lock";
			outputFileListPaths = (
			);
			outputPaths = (
				"$(DERIVED_FILE_DIR)/Pods-GitHubApolloClientPlayground-checkManifestLockResult.txt",
			);
			runOnlyForDeploymentPostprocessing = 0;
			shellPath = /bin/sh;
			shellScript = "diff \"${PODS_PODFILE_DIR_PATH}/Podfile.lock\" \"${PODS_ROOT}/Manifest.lock\" > /dev/null\nif [ $? != 0 ] ; then\n    # print error to STDERR\n    echo \"error: The sandbox is not in sync with the Podfile.lock. Run 'pod install' or update your CocoaPods installation.\" >&2\n    exit 1\nfi\n# This output is used by Xcode 'outputs' to avoid re-running this script phase.\necho \"SUCCESS\" > \"${SCRIPT_OUTPUT_FILE_0}\"\n";
			showEnvVarsInLog = 0;
		};
		70C8D65C73EE4FC89455FEA3 /* [CP] Embed Pods Frameworks */ = {
			isa = PBXShellScriptBuildPhase;
			buildActionMask = 2147483647;
			files = (
			);
			inputFileListPaths = (
				"${PODS_ROOT}/Target Support Files/Pods-GitHubApolloClientPlayground/Pods-GitHubApolloClientPlayground-frameworks-${CONFIGURATION}-input-files.xcfilelist",
			);
			name = "[CP] Embed Pods Frameworks";
			outputFileListPaths = (
				"${PODS_ROOT}/Target Support Files/Pods-GitHubApolloClientPlayground/Pods-GitHubApolloClientPlayground-frameworks-${CONFIGURATION}-output-files.xcfilelist",
			);
			runOnlyForDeploymentPostprocessing = 0;
			shellPath = /bin/sh;
			shellScript = "\"${PODS_ROOT}/Target Support Files/Pods-GitHubApolloClientPlayground/Pods-GitHubApolloClientPlayground-frameworks.sh\"\n";
			showEnvVarsInLog = 0;
		};
		FD24D92CD86391757B4B94A8 /* [CP] Embed Pods Frameworks */ = {
			isa = PBXShellScriptBuildPhase;
			buildActionMask = 2147483647;
			files = (
			);
			inputFileListPaths = (
				"${PODS_ROOT}/Target Support Files/Pods-GitHubApolloClientPlaygroundTests/Pods-GitHubApolloClientPlaygroundTests-frameworks-${CONFIGURATION}-input-files.xcfilelist",
			);
			name = "[CP] Embed Pods Frameworks";
			outputFileListPaths = (
				"${PODS_ROOT}/Target Support Files/Pods-GitHubApolloClientPlaygroundTests/Pods-GitHubApolloClientPlaygroundTests-frameworks-${CONFIGURATION}-output-files.xcfilelist",
			);
			runOnlyForDeploymentPostprocessing = 0;
			shellPath = /bin/sh;
			shellScript = "\"${PODS_ROOT}/Target Support Files/Pods-GitHubApolloClientPlaygroundTests/Pods-GitHubApolloClientPlaygroundTests-frameworks.sh\"\n";
			showEnvVarsInLog = 0;
		};
/* End PBXShellScriptBuildPhase section */

/* Begin PBXSourcesBuildPhase section */
		7001379D246B178D009D5D14 /* Sources */ = {
			isa = PBXSourcesBuildPhase;
			buildActionMask = 2147483647;
			files = (
				700137A5246B178D009D5D14 /* AppDelegate.swift in Sources */,
				700137A7246B178D009D5D14 /* SceneDelegate.swift in Sources */,
				700137A9246B178D009D5D14 /* ContentView.swift in Sources */,
			);
			runOnlyForDeploymentPostprocessing = 0;
		};
		700137B3246B178E009D5D14 /* Sources */ = {
			isa = PBXSourcesBuildPhase;
			buildActionMask = 2147483647;
			files = (
				700137BC246B178E009D5D14 /* GitHubApolloClientPlaygroundTests.swift in Sources */,
			);
			runOnlyForDeploymentPostprocessing = 0;
		};
/* End PBXSourcesBuildPhase section */

/* Begin PBXTargetDependency section */
		700137B9246B178E009D5D14 /* PBXTargetDependency */ = {
			isa = PBXTargetDependency;
			target = 700137A0246B178D009D5D14 /* GitHubApolloClientPlayground */;
			targetProxy = 700137B8246B178E009D5D14 /* PBXContainerItemProxy */;
		};
/* End PBXTargetDependency section */

/* Begin PBXVariantGroup section */
		700137AF246B178E009D5D14 /* LaunchScreen.storyboard */ = {
			isa = PBXVariantGroup;
			children = (
				700137B0246B178E009D5D14 /* Base */,
			);
			name = LaunchScreen.storyboard;
			sourceTree = "<group>";
		};
/* End PBXVariantGroup section */

/* Begin XCBuildConfiguration section */
		700137BE246B178E009D5D14 /* Debug */ = {
			isa = XCBuildConfiguration;
			buildSettings = {
				ALWAYS_SEARCH_USER_PATHS = NO;
				CLANG_ANALYZER_NONNULL = YES;
				CLANG_ANALYZER_NUMBER_OBJECT_CONVERSION = YES_AGGRESSIVE;
				CLANG_CXX_LANGUAGE_STANDARD = "gnu++14";
				CLANG_CXX_LIBRARY = "libc++";
				CLANG_ENABLE_MODULES = YES;
				CLANG_ENABLE_OBJC_ARC = YES;
				CLANG_ENABLE_OBJC_WEAK = YES;
				CLANG_WARN_BLOCK_CAPTURE_AUTORELEASING = YES;
				CLANG_WARN_BOOL_CONVERSION = YES;
				CLANG_WARN_COMMA = YES;
				CLANG_WARN_CONSTANT_CONVERSION = YES;
				CLANG_WARN_DEPRECATED_OBJC_IMPLEMENTATIONS = YES;
				CLANG_WARN_DIRECT_OBJC_ISA_USAGE = YES_ERROR;
				CLANG_WARN_DOCUMENTATION_COMMENTS = YES;
				CLANG_WARN_EMPTY_BODY = YES;
				CLANG_WARN_ENUM_CONVERSION = YES;
				CLANG_WARN_INFINITE_RECURSION = YES;
				CLANG_WARN_INT_CONVERSION = YES;
				CLANG_WARN_NON_LITERAL_NULL_CONVERSION = YES;
				CLANG_WARN_OBJC_IMPLICIT_RETAIN_SELF = YES;
				CLANG_WARN_OBJC_LITERAL_CONVERSION = YES;
				CLANG_WARN_OBJC_ROOT_CLASS = YES_ERROR;
				CLANG_WARN_RANGE_LOOP_ANALYSIS = YES;
				CLANG_WARN_STRICT_PROTOTYPES = YES;
				CLANG_WARN_SUSPICIOUS_MOVE = YES;
				CLANG_WARN_UNGUARDED_AVAILABILITY = YES_AGGRESSIVE;
				CLANG_WARN_UNREACHABLE_CODE = YES;
				CLANG_WARN__DUPLICATE_METHOD_MATCH = YES;
				COPY_PHASE_STRIP = NO;
				DEBUG_INFORMATION_FORMAT = dwarf;
				ENABLE_STRICT_OBJC_MSGSEND = YES;
				ENABLE_TESTABILITY = YES;
				GCC_C_LANGUAGE_STANDARD = gnu11;
				GCC_DYNAMIC_NO_PIC = NO;
				GCC_NO_COMMON_BLOCKS = YES;
				GCC_OPTIMIZATION_LEVEL = 0;
				GCC_PREPROCESSOR_DEFINITIONS = (
					"DEBUG=1",
					"$(inherited)",
				);
				GCC_WARN_64_TO_32_BIT_CONVERSION = YES;
				GCC_WARN_ABOUT_RETURN_TYPE = YES_ERROR;
				GCC_WARN_UNDECLARED_SELECTOR = YES;
				GCC_WARN_UNINITIALIZED_AUTOS = YES_AGGRESSIVE;
				GCC_WARN_UNUSED_FUNCTION = YES;
				GCC_WARN_UNUSED_VARIABLE = YES;
				IPHONEOS_DEPLOYMENT_TARGET = 13.4;
				MTL_ENABLE_DEBUG_INFO = INCLUDE_SOURCE;
				MTL_FAST_MATH = YES;
				ONLY_ACTIVE_ARCH = YES;
				SDKROOT = iphoneos;
				SWIFT_ACTIVE_COMPILATION_CONDITIONS = DEBUG;
				SWIFT_OPTIMIZATION_LEVEL = "-Onone";
			};
			name = Debug;
		};
		700137BF246B178E009D5D14 /* Release */ = {
			isa = XCBuildConfiguration;
			buildSettings = {
				ALWAYS_SEARCH_USER_PATHS = NO;
				CLANG_ANALYZER_NONNULL = YES;
				CLANG_ANALYZER_NUMBER_OBJECT_CONVERSION = YES_AGGRESSIVE;
				CLANG_CXX_LANGUAGE_STANDARD = "gnu++14";
				CLANG_CXX_LIBRARY = "libc++";
				CLANG_ENABLE_MODULES = YES;
				CLANG_ENABLE_OBJC_ARC = YES;
				CLANG_ENABLE_OBJC_WEAK = YES;
				CLANG_WARN_BLOCK_CAPTURE_AUTORELEASING = YES;
				CLANG_WARN_BOOL_CONVERSION = YES;
				CLANG_WARN_COMMA = YES;
				CLANG_WARN_CONSTANT_CONVERSION = YES;
				CLANG_WARN_DEPRECATED_OBJC_IMPLEMENTATIONS = YES;
				CLANG_WARN_DIRECT_OBJC_ISA_USAGE = YES_ERROR;
				CLANG_WARN_DOCUMENTATION_COMMENTS = YES;
				CLANG_WARN_EMPTY_BODY = YES;
				CLANG_WARN_ENUM_CONVERSION = YES;
				CLANG_WARN_INFINITE_RECURSION = YES;
				CLANG_WARN_INT_CONVERSION = YES;
				CLANG_WARN_NON_LITERAL_NULL_CONVERSION = YES;
				CLANG_WARN_OBJC_IMPLICIT_RETAIN_SELF = YES;
				CLANG_WARN_OBJC_LITERAL_CONVERSION = YES;
				CLANG_WARN_OBJC_ROOT_CLASS = YES_ERROR;
				CLANG_WARN_RANGE_LOOP_ANALYSIS = YES;
				CLANG_WARN_STRICT_PROTOTYPES = YES;
				CLANG_WARN_SUSPICIOUS_MOVE = YES;
				CLANG_WARN_UNGUARDED_AVAILABILITY = YES_AGGRESSIVE;
				CLANG_WARN_UNREACHABLE_CODE = YES;
				CLANG_WARN__DUPLICATE_METHOD_MATCH = YES;
				COPY_PHASE_STRIP = NO;
				DEBUG_INFORMATION_FORMAT = "dwarf-with-dsym";
				ENABLE_NS_ASSERTIONS = NO;
				ENABLE_STRICT_OBJC_MSGSEND = YES;
				GCC_C_LANGUAGE_STANDARD = gnu11;
				GCC_NO_COMMON_BLOCKS = YES;
				GCC_WARN_64_TO_32_BIT_CONVERSION = YES;
				GCC_WARN_ABOUT_RETURN_TYPE = YES_ERROR;
				GCC_WARN_UNDECLARED_SELECTOR = YES;
				GCC_WARN_UNINITIALIZED_AUTOS = YES_AGGRESSIVE;
				GCC_WARN_UNUSED_FUNCTION = YES;
				GCC_WARN_UNUSED_VARIABLE = YES;
				IPHONEOS_DEPLOYMENT_TARGET = 13.4;
				MTL_ENABLE_DEBUG_INFO = NO;
				MTL_FAST_MATH = YES;
				SDKROOT = iphoneos;
				SWIFT_COMPILATION_MODE = wholemodule;
				SWIFT_OPTIMIZATION_LEVEL = "-O";
				VALIDATE_PRODUCT = YES;
			};
			name = Release;
		};
		700137C1246B178E009D5D14 /* Debug */ = {
			isa = XCBuildConfiguration;
			baseConfigurationReference = 5A6F1AD2F25AA76E9540CF1A /* Pods-GitHubApolloClientPlayground.debug.xcconfig */;
			buildSettings = {
				ASSETCATALOG_COMPILER_APPICON_NAME = AppIcon;
				CODE_SIGN_STYLE = Automatic;
				DEVELOPMENT_ASSET_PATHS = "\"GitHubApolloClientPlayground/Preview Content\"";
				DEVELOPMENT_TEAM = X6T55S8M86;
				ENABLE_PREVIEWS = YES;
				INFOPLIST_FILE = GitHubApolloClientPlayground/Info.plist;
				LD_RUNPATH_SEARCH_PATHS = (
					"$(inherited)",
					"@executable_path/Frameworks",
				);
				PRODUCT_BUNDLE_IDENTIFIER = net.ykkc.GitHubApolloClientPlayground;
				PRODUCT_NAME = "$(TARGET_NAME)";
				SWIFT_VERSION = 5.0;
				TARGETED_DEVICE_FAMILY = "1,2";
			};
			name = Debug;
		};
		700137C2246B178E009D5D14 /* Release */ = {
			isa = XCBuildConfiguration;
			baseConfigurationReference = 06D40FC0657BF018881E4570 /* Pods-GitHubApolloClientPlayground.release.xcconfig */;
			buildSettings = {
				ASSETCATALOG_COMPILER_APPICON_NAME = AppIcon;
				CODE_SIGN_STYLE = Automatic;
				DEVELOPMENT_ASSET_PATHS = "\"GitHubApolloClientPlayground/Preview Content\"";
				DEVELOPMENT_TEAM = X6T55S8M86;
				ENABLE_PREVIEWS = YES;
				INFOPLIST_FILE = GitHubApolloClientPlayground/Info.plist;
				LD_RUNPATH_SEARCH_PATHS = (
					"$(inherited)",
					"@executable_path/Frameworks",
				);
				PRODUCT_BUNDLE_IDENTIFIER = net.ykkc.GitHubApolloClientPlayground;
				PRODUCT_NAME = "$(TARGET_NAME)";
				SWIFT_VERSION = 5.0;
				TARGETED_DEVICE_FAMILY = "1,2";
			};
			name = Release;
		};
		700137C4246B178E009D5D14 /* Debug */ = {
			isa = XCBuildConfiguration;
			baseConfigurationReference = E75107E8E9E634EFD19A8E83 /* Pods-GitHubApolloClientPlaygroundTests.debug.xcconfig */;
			buildSettings = {
				ALWAYS_EMBED_SWIFT_STANDARD_LIBRARIES = YES;
				BUNDLE_LOADER = "$(TEST_HOST)";
				CODE_SIGN_STYLE = Automatic;
				DEVELOPMENT_TEAM = X6T55S8M86;
				INFOPLIST_FILE = GitHubApolloClientPlaygroundTests/Info.plist;
				IPHONEOS_DEPLOYMENT_TARGET = 13.4;
				LD_RUNPATH_SEARCH_PATHS = (
					"$(inherited)",
					"@executable_path/Frameworks",
					"@loader_path/Frameworks",
				);
				PRODUCT_BUNDLE_IDENTIFIER = net.ykkc.GitHubApolloClientPlayground.GitHubApolloClientPlaygroundTests;
				PRODUCT_NAME = "$(TARGET_NAME)";
				SWIFT_VERSION = 5.0;
				TARGETED_DEVICE_FAMILY = "1,2";
				TEST_HOST = "$(BUILT_PRODUCTS_DIR)/GitHubApolloClientPlayground.app/GitHubApolloClientPlayground";
			};
			name = Debug;
		};
		700137C5246B178E009D5D14 /* Release */ = {
			isa = XCBuildConfiguration;
			baseConfigurationReference = 1E09DB83EEADF0AD977A2E5E /* Pods-GitHubApolloClientPlaygroundTests.release.xcconfig */;
			buildSettings = {
				ALWAYS_EMBED_SWIFT_STANDARD_LIBRARIES = YES;
				BUNDLE_LOADER = "$(TEST_HOST)";
				CODE_SIGN_STYLE = Automatic;
				DEVELOPMENT_TEAM = X6T55S8M86;
				INFOPLIST_FILE = GitHubApolloClientPlaygroundTests/Info.plist;
				IPHONEOS_DEPLOYMENT_TARGET = 13.4;
				LD_RUNPATH_SEARCH_PATHS = (
					"$(inherited)",
					"@executable_path/Frameworks",
					"@loader_path/Frameworks",
				);
				PRODUCT_BUNDLE_IDENTIFIER = net.ykkc.GitHubApolloClientPlayground.GitHubApolloClientPlaygroundTests;
				PRODUCT_NAME = "$(TARGET_NAME)";
				SWIFT_VERSION = 5.0;
				TARGETED_DEVICE_FAMILY = "1,2";
				TEST_HOST = "$(BUILT_PRODUCTS_DIR)/GitHubApolloClientPlayground.app/GitHubApolloClientPlayground";
			};
			name = Release;
		};
/* End XCBuildConfiguration section */

/* Begin XCConfigurationList section */
		7001379C246B178D009D5D14 /* Build configuration list for PBXProject "GitHubApolloClientPlayground" */ = {
			isa = XCConfigurationList;
			buildConfigurations = (
				700137BE246B178E009D5D14 /* Debug */,
				700137BF246B178E009D5D14 /* Release */,
			);
			defaultConfigurationIsVisible = 0;
			defaultConfigurationName = Release;
		};
		700137C0246B178E009D5D14 /* Build configuration list for PBXNativeTarget "GitHubApolloClientPlayground" */ = {
			isa = XCConfigurationList;
			buildConfigurations = (
				700137C1246B178E009D5D14 /* Debug */,
				700137C2246B178E009D5D14 /* Release */,
			);
			defaultConfigurationIsVisible = 0;
			defaultConfigurationName = Release;
		};
		700137C3246B178E009D5D14 /* Build configuration list for PBXNativeTarget "GitHubApolloClientPlaygroundTests" */ = {
			isa = XCConfigurationList;
			buildConfigurations = (
				700137C4246B178E009D5D14 /* Debug */,
				700137C5246B178E009D5D14 /* Release */,
			);
			defaultConfigurationIsVisible = 0;
			defaultConfigurationName = Release;
		};
/* End XCConfigurationList section */
	};
	rootObject = 70013799246B178D009D5D14 /* Project object */;
}
